{
  "originHash" : "0e3e811752e5973ae3b1ad7d3246b5c89826ac4e8b693113134cc8806d45ed99",
  "pins" : [
    {
      "identity" : "logmanager",
      "kind" : "remoteSourceControl",
      "location" : "https://github.com/Appracatappra/LogManager",
      "state" : {
        "revision" : "ed7b6f091d9f261e75211c214a4ba0ea3ba7a84d",
        "version" : "2.0.4"
      }
    },
    {
      "identity" : "swiftletutilities",
      "kind" : "remoteSourceControl",
      "location" : "https://github.com/Appracatappra/SwiftletUtilities",
      "state" : {
        "revision" : "27095cbeb844a50cec83764ca627418745fc5a6f",
        "version" : "2.0.6"
      }
    }
  ],
  "version" : 3
}
